
Microsoft Visual Studio Solution File, Format Version 12.00
# Visual Studio Version 17
VisualStudioVersion = 17.5.002.0
MinimumVisualStudioVersion = 10.0.40219.1
Project("{9A19103F-16F7-4668-BE54-9A1E7A4F7556}") = "luanBlog", "luanBlog.csproj", "{BA747E35-32C6-4769-BA77-9AC499FF03B2}"
EndProject
Global
	GlobalSection(SolutionConfigurationPlatforms) = preSolution
		Debug|Any CPU = Debug|Any CPU
		Release|Any CPU = Release|Any CPU
	EndGlobalSection
	GlobalSection(ProjectConfigurationPlatforms) = postSolution
		{BA747E35-32C6-4769-BA77-9AC499FF03B2}.Debug|Any CPU.ActiveCfg = Debug|Any CPU
		{BA747E35-32C6-4769-BA77-9AC499FF03B2}.Debug|Any CPU.Build.0 = Debug|Any CPU
		{BA747E35-32C6-4769-BA77-9AC499FF03B2}.Release|Any CPU.ActiveCfg = Release|Any CPU
		{BA747E35-32C6-4769-BA77-9AC499FF03B2}.Release|Any CPU.Build.0 = Release|Any CPU
	EndGlobalSection
	GlobalSection(SolutionProperties) = preSolution
		HideSolutionNode = FALSE
	EndGlobalSection
	GlobalSection(ExtensibilityGlobals) = postSolution
		SolutionGuid = {5A0C3A61-7042-4720-AEA6-4CEBCF5F3012}
	EndGlobalSection
EndGlobal
